// !$*UTF8*$!
{
	archiveVersion = 1;
	classes = {
	};
	objectVersion = 56;
	objects = {

/* Begin PBXBuildFile section */
		2956B63F2A83D64700FB0667 /* OrderBookApp.swift in Sources */ = {isa = PBXBuildFile; fileRef = 2956B63E2A83D64700FB0667 /* OrderBookApp.swift */; };
		2956B6412A83D64700FB0667 /* ContentView.swift in Sources */ = {isa = PBXBuildFile; fileRef = 2956B6402A83D64700FB0667 /* ContentView.swift */; };
		2956B6432A83D64800FB0667 /* Assets.xcassets in Resources */ = {isa = PBXBuildFile; fileRef = 2956B6422A83D64800FB0667 /* Assets.xcassets */; };
		2956B6462A83D64800FB0667 /* Preview Assets.xcassets in Resources */ = {isa = PBXBuildFile; fileRef = 2956B6452A83D64800FB0667 /* Preview Assets.xcassets */; };
		2956B6482A83D64800FB0667 /* Persistence.swift in Sources */ = {isa = PBXBuildFile; fileRef = 2956B6472A83D64800FB0667 /* Persistence.swift */; };
		2956B64B2A83D64800FB0667 /* OrderBook.xcdatamodeld in Sources */ = {isa = PBXBuildFile; fileRef = 2956B6492A83D64800FB0667 /* OrderBook.xcdatamodeld */; };
		2956B6552A83D64800FB0667 /* OrderBookTests.swift in Sources */ = {isa = PBXBuildFile; fileRef = 2956B6542A83D64800FB0667 /* OrderBookTests.swift */; };
		2956B65F2A83D64800FB0667 /* OrderBookUITests.swift in Sources */ = {isa = PBXBuildFile; fileRef = 2956B65E2A83D64800FB0667 /* OrderBookUITests.swift */; };
		2956B6612A83D64800FB0667 /* OrderBookUITestsLaunchTests.swift in Sources */ = {isa = PBXBuildFile; fileRef = 2956B6602A83D64800FB0667 /* OrderBookUITestsLaunchTests.swift */; };
		2956B6772A83E59500FB0667 /* DetailView.swift in Sources */ = {isa = PBXBuildFile; fileRef = 2956B6762A83E59500FB0667 /* DetailView.swift */; };
		2956B6792A83F08C00FB0667 /* OrderBookView.swift in Sources */ = {isa = PBXBuildFile; fileRef = 2956B6782A83F08C00FB0667 /* OrderBookView.swift */; };
		2956B67B2A84113200FB0667 /* DataCellView.swift in Sources */ = {isa = PBXBuildFile; fileRef = 2956B67A2A84113200FB0667 /* DataCellView.swift */; };
		2956B67D2A84308200FB0667 /* RecentTradeView.swift in Sources */ = {isa = PBXBuildFile; fileRef = 2956B67C2A84308200FB0667 /* RecentTradeView.swift */; };
		2956B6812A84343100FB0667 /* WebSocketHandler.swift in Sources */ = {isa = PBXBuildFile; fileRef = 2956B6802A84343100FB0667 /* WebSocketHandler.swift */; };
		2956B6842A84357300FB0667 /* bitMexMock.json in Resources */ = {isa = PBXBuildFile; fileRef = 2956B6832A84357300FB0667 /* bitMexMock.json */; };
		2956B6862A8436DD00FB0667 /* OrderBookViewModel.swift in Sources */ = {isa = PBXBuildFile; fileRef = 2956B6852A8436DD00FB0667 /* OrderBookViewModel.swift */; };
		2956B6882A8438E400FB0667 /* OrderModel.swift in Sources */ = {isa = PBXBuildFile; fileRef = 2956B6872A8438E400FB0667 /* OrderModel.swift */; };
/* End PBXBuildFile section */

/* Begin PBXContainerItemProxy section */
		2956B6512A83D64800FB0667 /* PBXContainerItemProxy */ = {
			isa = PBXContainerItemProxy;
			containerPortal = 2956B6332A83D64700FB0667 /* Project object */;
			proxyType = 1;
			remoteGlobalIDString = 2956B63A2A83D64700FB0667;
			remoteInfo = OrderBook;
		};
		2956B65B2A83D64800FB0667 /* PBXContainerItemProxy */ = {
			isa = PBXContainerItemProxy;
			containerPortal = 2956B6332A83D64700FB0667 /* Project object */;
			proxyType = 1;
			remoteGlobalIDString = 2956B63A2A83D64700FB0667;
			remoteInfo = OrderBook;
		};
/* End PBXContainerItemProxy section */

/* Begin PBXFileReference section */
		2956B63B2A83D64700FB0667 /* OrderBook.app */ = {isa = PBXFileReference; explicitFileType = wrapper.application; includeInIndex = 0; path = OrderBook.app; sourceTree = BUILT_PRODUCTS_DIR; };
		2956B63E2A83D64700FB0667 /* OrderBookApp.swift */ = {isa = PBXFileReference; lastKnownFileType = sourcecode.swift; path = OrderBookApp.swift; sourceTree = "<group>"; };
		2956B6402A83D64700FB0667 /* ContentView.swift */ = {isa = PBXFileReference; lastKnownFileType = sourcecode.swift; path = ContentView.swift; sourceTree = "<group>"; };
		2956B6422A83D64800FB0667 /* Assets.xcassets */ = {isa = PBXFileReference; lastKnownFileType = folder.assetcatalog; path = Assets.xcassets; sourceTree = "<group>"; };
		2956B6452A83D64800FB0667 /* Preview Assets.xcassets */ = {isa = PBXFileReference; lastKnownFileType = folder.assetcatalog; path = "Preview Assets.xcassets"; sourceTree = "<group>"; };
		2956B6472A83D64800FB0667 /* Persistence.swift */ = {isa = PBXFileReference; lastKnownFileType = sourcecode.swift; path = Persistence.swift; sourceTree = "<group>"; };
		2956B64A2A83D64800FB0667 /* OrderBook.xcdatamodel */ = {isa = PBXFileReference; lastKnownFileType = wrapper.xcdatamodel; path = OrderBook.xcdatamodel; sourceTree = "<group>"; };
		2956B6502A83D64800FB0667 /* OrderBookTests.xctest */ = {isa = PBXFileReference; explicitFileType = wrapper.cfbundle; includeInIndex = 0; path = OrderBookTests.xctest; sourceTree = BUILT_PRODUCTS_DIR; };
		2956B6542A83D64800FB0667 /* OrderBookTests.swift */ = {isa = PBXFileReference; lastKnownFileType = sourcecode.swift; path = OrderBookTests.swift; sourceTree = "<group>"; };
		2956B65A2A83D64800FB0667 /* OrderBookUITests.xctest */ = {isa = PBXFileReference; explicitFileType = wrapper.cfbundle; includeInIndex = 0; path = OrderBookUITests.xctest; sourceTree = BUILT_PRODUCTS_DIR; };
		2956B65E2A83D64800FB0667 /* OrderBookUITests.swift */ = {isa = PBXFileReference; lastKnownFileType = sourcecode.swift; path = OrderBookUITests.swift; sourceTree = "<group>"; };
		2956B6602A83D64800FB0667 /* OrderBookUITestsLaunchTests.swift */ = {isa = PBXFileReference; lastKnownFileType = sourcecode.swift; path = OrderBookUITestsLaunchTests.swift; sourceTree = "<group>"; };
		2956B6762A83E59500FB0667 /* DetailView.swift */ = {isa = PBXFileReference; lastKnownFileType = sourcecode.swift; path = DetailView.swift; sourceTree = "<group>"; };
		2956B6782A83F08C00FB0667 /* OrderBookView.swift */ = {isa = PBXFileReference; lastKnownFileType = sourcecode.swift; path = OrderBookView.swift; sourceTree = "<group>"; };
		2956B67A2A84113200FB0667 /* DataCellView.swift */ = {isa = PBXFileReference; lastKnownFileType = sourcecode.swift; path = DataCellView.swift; sourceTree = "<group>"; };
		2956B67C2A84308200FB0667 /* RecentTradeView.swift */ = {isa = PBXFileReference; lastKnownFileType = sourcecode.swift; path = RecentTradeView.swift; sourceTree = "<group>"; };
		2956B6802A84343100FB0667 /* WebSocketHandler.swift */ = {isa = PBXFileReference; lastKnownFileType = sourcecode.swift; path = WebSocketHandler.swift; sourceTree = "<group>"; };
		2956B6832A84357300FB0667 /* bitMexMock.json */ = {isa = PBXFileReference; lastKnownFileType = text.json; path = bitMexMock.json; sourceTree = "<group>"; };
		2956B6852A8436DD00FB0667 /* OrderBookViewModel.swift */ = {isa = PBXFileReference; lastKnownFileType = sourcecode.swift; path = OrderBookViewModel.swift; sourceTree = "<group>"; };
		2956B6872A8438E400FB0667 /* OrderModel.swift */ = {isa = PBXFileReference; lastKnownFileType = sourcecode.swift; path = OrderModel.swift; sourceTree = "<group>"; };
/* End PBXFileReference section */

/* Begin PBXFrameworksBuildPhase section */
		2956B6382A83D64700FB0667 /* Frameworks */ = {
			isa = PBXFrameworksBuildPhase;
			buildActionMask = 2147483647;
			files = (
			);
			runOnlyForDeploymentPostprocessing = 0;
		};
		2956B64D2A83D64800FB0667 /* Frameworks */ = {
			isa = PBXFrameworksBuildPhase;
			buildActionMask = 2147483647;
			files = (
			);
			runOnlyForDeploymentPostprocessing = 0;
		};
		2956B6572A83D64800FB0667 /* Frameworks */ = {
			isa = PBXFrameworksBuildPhase;
			buildActionMask = 2147483647;
			files = (
			);
			runOnlyForDeploymentPostprocessing = 0;
		};
/* End PBXFrameworksBuildPhase section */

/* Begin PBXGroup section */
		2956B6322A83D64700FB0667 = {
			isa = PBXGroup;
			children = (
				2956B63D2A83D64700FB0667 /* OrderBook */,
				2956B6532A83D64800FB0667 /* OrderBookTests */,
				2956B65D2A83D64800FB0667 /* OrderBookUITests */,
				2956B63C2A83D64700FB0667 /* Products */,
			);
			sourceTree = "<group>";
		};
		2956B63C2A83D64700FB0667 /* Products */ = {
			isa = PBXGroup;
			children = (
				2956B63B2A83D64700FB0667 /* OrderBook.app */,
				2956B6502A83D64800FB0667 /* OrderBookTests.xctest */,
				2956B65A2A83D64800FB0667 /* OrderBookUITests.xctest */,
			);
			name = Products;
			sourceTree = "<group>";
		};
		2956B63D2A83D64700FB0667 /* OrderBook */ = {
			isa = PBXGroup;
			children = (
				2956B67F2A84342300FB0667 /* ViewModel */,
				2956B67E2A84341800FB0667 /* Model */,
				2956B66F2A83DAA300FB0667 /* View */,
				2956B63E2A83D64700FB0667 /* OrderBookApp.swift */,
				2956B6422A83D64800FB0667 /* Assets.xcassets */,
				2956B6472A83D64800FB0667 /* Persistence.swift */,
				2956B6492A83D64800FB0667 /* OrderBook.xcdatamodeld */,
				2956B6442A83D64800FB0667 /* Preview Content */,
			);
			path = OrderBook;
			sourceTree = "<group>";
		};
		2956B6442A83D64800FB0667 /* Preview Content */ = {
			isa = PBXGroup;
			children = (
				2956B6452A83D64800FB0667 /* Preview Assets.xcassets */,
			);
			path = "Preview Content";
			sourceTree = "<group>";
		};
		2956B6532A83D64800FB0667 /* OrderBookTests */ = {
			isa = PBXGroup;
			children = (
				2956B6822A8434FD00FB0667 /* MockUp */,
				2956B6542A83D64800FB0667 /* OrderBookTests.swift */,
			);
			path = OrderBookTests;
			sourceTree = "<group>";
		};
		2956B65D2A83D64800FB0667 /* OrderBookUITests */ = {
			isa = PBXGroup;
			children = (
				2956B65E2A83D64800FB0667 /* OrderBookUITests.swift */,
				2956B6602A83D64800FB0667 /* OrderBookUITestsLaunchTests.swift */,
			);
			path = OrderBookUITests;
			sourceTree = "<group>";
		};
		2956B66F2A83DAA300FB0667 /* View */ = {
			isa = PBXGroup;
			children = (
				2956B6402A83D64700FB0667 /* ContentView.swift */,
				2956B6762A83E59500FB0667 /* DetailView.swift */,
				2956B6782A83F08C00FB0667 /* OrderBookView.swift */,
				2956B67A2A84113200FB0667 /* DataCellView.swift */,
				2956B67C2A84308200FB0667 /* RecentTradeView.swift */,
			);
			path = View;
			sourceTree = "<group>";
		};
		2956B67E2A84341800FB0667 /* Model */ = {
			isa = PBXGroup;
			children = (
				2956B6872A8438E400FB0667 /* OrderModel.swift */,
			);
			path = Model;
			sourceTree = "<group>";
		};
		2956B67F2A84342300FB0667 /* ViewModel */ = {
			isa = PBXGroup;
			children = (
				2956B6802A84343100FB0667 /* WebSocketHandler.swift */,
				2956B6852A8436DD00FB0667 /* OrderBookViewModel.swift */,
			);
			path = ViewModel;
			sourceTree = "<group>";
		};
		2956B6822A8434FD00FB0667 /* MockUp */ = {
			isa = PBXGroup;
			children = (
				2956B6832A84357300FB0667 /* bitMexMock.json */,
			);
			path = MockUp;
			sourceTree = "<group>";
		};
/* End PBXGroup section */

/* Begin PBXNativeTarget section */
		2956B63A2A83D64700FB0667 /* OrderBook */ = {
			isa = PBXNativeTarget;
			buildConfigurationList = 2956B6642A83D64800FB0667 /* Build configuration list for PBXNativeTarget "OrderBook" */;
			buildPhases = (
				2956B6372A83D64700FB0667 /* Sources */,
				2956B6382A83D64700FB0667 /* Frameworks */,
				2956B6392A83D64700FB0667 /* Resources */,
			);
			buildRules = (
			);
			dependencies = (
			);
			name = OrderBook;
			productName = OrderBook;
			productReference = 2956B63B2A83D64700FB0667 /* OrderBook.app */;
			productType = "com.apple.product-type.application";
		};
		2956B64F2A83D64800FB0667 /* OrderBookTests */ = {
			isa = PBXNativeTarget;
			buildConfigurationList = 2956B6672A83D64800FB0667 /* Build configuration list for PBXNativeTarget "OrderBookTests" */;
			buildPhases = (
				2956B64C2A83D64800FB0667 /* Sources */,
				2956B64D2A83D64800FB0667 /* Frameworks */,
				2956B64E2A83D64800FB0667 /* Resources */,
			);
			buildRules = (
			);
			dependencies = (
				2956B6522A83D64800FB0667 /* PBXTargetDependency */,
			);
			name = OrderBookTests;
			productName = OrderBookTests;
			productReference = 2956B6502A83D64800FB0667 /* OrderBookTests.xctest */;
			productType = "com.apple.product-type.bundle.unit-test";
		};
		2956B6592A83D64800FB0667 /* OrderBookUITests */ = {
			isa = PBXNativeTarget;
			buildConfigurationList = 2956B66A2A83D64800FB0667 /* Build configuration list for PBXNativeTarget "OrderBookUITests" */;
			buildPhases = (
				2956B6562A83D64800FB0667 /* Sources */,
				2956B6572A83D64800FB0667 /* Frameworks */,
				2956B6582A83D64800FB0667 /* Resources */,
			);
			buildRules = (
			);
			dependencies = (
				2956B65C2A83D64800FB0667 /* PBXTargetDependency */,
			);
			name = OrderBookUITests;
			productName = OrderBookUITests;
			productReference = 2956B65A2A83D64800FB0667 /* OrderBookUITests.xctest */;
			productType = "com.apple.product-type.bundle.ui-testing";
		};
/* End PBXNativeTarget section */

/* Begin PBXProject section */
		2956B6332A83D64700FB0667 /* Project object */ = {
			isa = PBXProject;
			attributes = {
				BuildIndependentTargetsInParallel = 1;
				LastSwiftUpdateCheck = 1420;
				LastUpgradeCheck = 1420;
				TargetAttributes = {
					2956B63A2A83D64700FB0667 = {
						CreatedOnToolsVersion = 14.2;
					};
					2956B64F2A83D64800FB0667 = {
						CreatedOnToolsVersion = 14.2;
						TestTargetID = 2956B63A2A83D64700FB0667;
					};
					2956B6592A83D64800FB0667 = {
						CreatedOnToolsVersion = 14.2;
						TestTargetID = 2956B63A2A83D64700FB0667;
					};
				};
			};
			buildConfigurationList = 2956B6362A83D64700FB0667 /* Build configuration list for PBXProject "OrderBook" */;
			compatibilityVersion = "Xcode 14.0";
			developmentRegion = en;
			hasScannedForEncodings = 0;
			knownRegions = (
				en,
				Base,
			);
			mainGroup = 2956B6322A83D64700FB0667;
			productRefGroup = 2956B63C2A83D64700FB0667 /* Products */;
			projectDirPath = "";
			projectRoot = "";
			targets = (
				2956B63A2A83D64700FB0667 /* OrderBook */,
				2956B64F2A83D64800FB0667 /* OrderBookTests */,
				2956B6592A83D64800FB0667 /* OrderBookUITests */,
			);
		};
/* End PBXProject section */

/* Begin PBXResourcesBuildPhase section */
		2956B6392A83D64700FB0667 /* Resources */ = {
			isa = PBXResourcesBuildPhase;
			buildActionMask = 2147483647;
			files = (
				2956B6462A83D64800FB0667 /* Preview Assets.xcassets in Resources */,
				2956B6432A83D64800FB0667 /* Assets.xcassets in Resources */,
				2956B6842A84357300FB0667 /* bitMexMock.json in Resources */,
			);
			runOnlyForDeploymentPostprocessing = 0;
		};
		2956B64E2A83D64800FB0667 /* Resources */ = {
			isa = PBXResourcesBuildPhase;
			buildActionMask = 2147483647;
			files = (
			);
			runOnlyForDeploymentPostprocessing = 0;
		};
		2956B6582A83D64800FB0667 /* Resources */ = {
			isa = PBXResourcesBuildPhase;
			buildActionMask = 2147483647;
			files = (
			);
			runOnlyForDeploymentPostprocessing = 0;
		};
/* End PBXResourcesBuildPhase section */

/* Begin PBXSourcesBuildPhase section */
		2956B6372A83D64700FB0667 /* Sources */ = {
			isa = PBXSourcesBuildPhase;
			buildActionMask = 2147483647;
			files = (
				2956B6862A8436DD00FB0667 /* OrderBookViewModel.swift in Sources */,
				2956B6812A84343100FB0667 /* WebSocketHandler.swift in Sources */,
				2956B6482A83D64800FB0667 /* Persistence.swift in Sources */,
				2956B6772A83E59500FB0667 /* DetailView.swift in Sources */,
				2956B6882A8438E400FB0667 /* OrderModel.swift in Sources */,
				2956B67B2A84113200FB0667 /* DataCellView.swift in Sources */,
				2956B6792A83F08C00FB0667 /* OrderBookView.swift in Sources */,
				2956B64B2A83D64800FB0667 /* OrderBook.xcdatamodeld in Sources */,
				2956B6412A83D64700FB0667 /* ContentView.swift in Sources */,
				2956B63F2A83D64700FB0667 /* OrderBookApp.swift in Sources */,
				2956B67D2A84308200FB0667 /* RecentTradeView.swift in Sources */,
			);
			runOnlyForDeploymentPostprocessing = 0;
		};
		2956B64C2A83D64800FB0667 /* Sources */ = {
			isa = PBXSourcesBuildPhase;
			buildActionMask = 2147483647;
			files = (
				2956B6552A83D64800FB0667 /* OrderBookTests.swift in Sources */,
			);
			runOnlyForDeploymentPostprocessing = 0;
		};
		2956B6562A83D64800FB0667 /* Sources */ = {
			isa = PBXSourcesBuildPhase;
			buildActionMask = 2147483647;
			files = (
				2956B6612A83D64800FB0667 /* OrderBookUITestsLaunchTests.swift in Sources */,
				2956B65F2A83D64800FB0667 /* OrderBookUITests.swift in Sources */,
			);
			runOnlyForDeploymentPostprocessing = 0;
		};
/* End PBXSourcesBuildPhase section */

/* Begin PBXTargetDependency section */
		2956B6522A83D64800FB0667 /* PBXTargetDependency */ = {
			isa = PBXTargetDependency;
			target = 2956B63A2A83D64700FB0667 /* OrderBook */;
			targetProxy = 2956B6512A83D64800FB0667 /* PBXContainerItemProxy */;
		};
		2956B65C2A83D64800FB0667 /* PBXTargetDependency */ = {
			isa = PBXTargetDependency;
			target = 2956B63A2A83D64700FB0667 /* OrderBook */;
			targetProxy = 2956B65B2A83D64800FB0667 /* PBXContainerItemProxy */;
		};
/* End PBXTargetDependency section */

/* Begin XCBuildConfiguration section */
		2956B6622A83D64800FB0667 /* Debug */ = {
			isa = XCBuildConfiguration;
			buildSettings = {
				ALWAYS_SEARCH_USER_PATHS = NO;
				CLANG_ANALYZER_NONNULL = YES;
				CLANG_ANALYZER_NUMBER_OBJECT_CONVERSION = YES_AGGRESSIVE;
				CLANG_CXX_LANGUAGE_STANDARD = "gnu++20";
				CLANG_ENABLE_MODULES = YES;
				CLANG_ENABLE_OBJC_ARC = YES;
				CLANG_ENABLE_OBJC_WEAK = YES;
				CLANG_WARN_BLOCK_CAPTURE_AUTORELEASING = YES;
				CLANG_WARN_BOOL_CONVERSION = YES;
				CLANG_WARN_COMMA = YES;
				CLANG_WARN_CONSTANT_CONVERSION = YES;
				CLANG_WARN_DEPRECATED_OBJC_IMPLEMENTATIONS = YES;
				CLANG_WARN_DIRECT_OBJC_ISA_USAGE = YES_ERROR;
				CLANG_WARN_DOCUMENTATION_COMMENTS = YES;
				CLANG_WARN_EMPTY_BODY = YES;
				CLANG_WARN_ENUM_CONVERSION = YES;
				CLANG_WARN_INFINITE_RECURSION = YES;
				CLANG_WARN_INT_CONVERSION = YES;
				CLANG_WARN_NON_LITERAL_NULL_CONVERSION = YES;
				CLANG_WARN_OBJC_IMPLICIT_RETAIN_SELF = YES;
				CLANG_WARN_OBJC_LITERAL_CONVERSION = YES;
				CLANG_WARN_OBJC_ROOT_CLASS = YES_ERROR;
				CLANG_WARN_QUOTED_INCLUDE_IN_FRAMEWORK_HEADER = YES;
				CLANG_WARN_RANGE_LOOP_ANALYSIS = YES;
				CLANG_WARN_STRICT_PROTOTYPES = YES;
				CLANG_WARN_SUSPICIOUS_MOVE = YES;
				CLANG_WARN_UNGUARDED_AVAILABILITY = YES_AGGRESSIVE;
				CLANG_WARN_UNREACHABLE_CODE = YES;
				CLANG_WARN__DUPLICATE_METHOD_MATCH = YES;
				COPY_PHASE_STRIP = NO;
				DEBUG_INFORMATION_FORMAT = dwarf;
				ENABLE_STRICT_OBJC_MSGSEND = YES;
				ENABLE_TESTABILITY = YES;
				GCC_C_LANGUAGE_STANDARD = gnu11;
				GCC_DYNAMIC_NO_PIC = NO;
				GCC_NO_COMMON_BLOCKS = YES;
				GCC_OPTIMIZATION_LEVEL = 0;
				GCC_PREPROCESSOR_DEFINITIONS = (
					"DEBUG=1",
					"$(inherited)",
				);
				GCC_WARN_64_TO_32_BIT_CONVERSION = YES;
				GCC_WARN_ABOUT_RETURN_TYPE = YES_ERROR;
				GCC_WARN_UNDECLARED_SELECTOR = YES;
				GCC_WARN_UNINITIALIZED_AUTOS = YES_AGGRESSIVE;
				GCC_WARN_UNUSED_FUNCTION = YES;
				GCC_WARN_UNUSED_VARIABLE = YES;
				IPHONEOS_DEPLOYMENT_TARGET = 16.2;
				MTL_ENABLE_DEBUG_INFO = INCLUDE_SOURCE;
				MTL_FAST_MATH = YES;
				ONLY_ACTIVE_ARCH = YES;
				SDKROOT = iphoneos;
				SWIFT_ACTIVE_COMPILATION_CONDITIONS = DEBUG;
				SWIFT_OPTIMIZATION_LEVEL = "-Onone";
			};
			name = Debug;
		};
		2956B6632A83D64800FB0667 /* Release */ = {
			isa = XCBuildConfiguration;
			buildSettings = {
				ALWAYS_SEARCH_USER_PATHS = NO;
				CLANG_ANALYZER_NONNULL = YES;
				CLANG_ANALYZER_NUMBER_OBJECT_CONVERSION = YES_AGGRESSIVE;
				CLANG_CXX_LANGUAGE_STANDARD = "gnu++20";
				CLANG_ENABLE_MODULES = YES;
				CLANG_ENABLE_OBJC_ARC = YES;
				CLANG_ENABLE_OBJC_WEAK = YES;
				CLANG_WARN_BLOCK_CAPTURE_AUTORELEASING = YES;
				CLANG_WARN_BOOL_CONVERSION = YES;
				CLANG_WARN_COMMA = YES;
				CLANG_WARN_CONSTANT_CONVERSION = YES;
				CLANG_WARN_DEPRECATED_OBJC_IMPLEMENTATIONS = YES;
				CLANG_WARN_DIRECT_OBJC_ISA_USAGE = YES_ERROR;
				CLANG_WARN_DOCUMENTATION_COMMENTS = YES;
				CLANG_WARN_EMPTY_BODY = YES;
				CLANG_WARN_ENUM_CONVERSION = YES;
				CLANG_WARN_INFINITE_RECURSION = YES;
				CLANG_WARN_INT_CONVERSION = YES;
				CLANG_WARN_NON_LITERAL_NULL_CONVERSION = YES;
				CLANG_WARN_OBJC_IMPLICIT_RETAIN_SELF = YES;
				CLANG_WARN_OBJC_LITERAL_CONVERSION = YES;
				CLANG_WARN_OBJC_ROOT_CLASS = YES_ERROR;
				CLANG_WARN_QUOTED_INCLUDE_IN_FRAMEWORK_HEADER = YES;
				CLANG_WARN_RANGE_LOOP_ANALYSIS = YES;
				CLANG_WARN_STRICT_PROTOTYPES = YES;
				CLANG_WARN_SUSPICIOUS_MOVE = YES;
				CLANG_WARN_UNGUARDED_AVAILABILITY = YES_AGGRESSIVE;
				CLANG_WARN_UNREACHABLE_CODE = YES;
				CLANG_WARN__DUPLICATE_METHOD_MATCH = YES;
				COPY_PHASE_STRIP = NO;
				DEBUG_INFORMATION_FORMAT = "dwarf-with-dsym";
				ENABLE_NS_ASSERTIONS = NO;
				ENABLE_STRICT_OBJC_MSGSEND = YES;
				GCC_C_LANGUAGE_STANDARD = gnu11;
				GCC_NO_COMMON_BLOCKS = YES;
				GCC_WARN_64_TO_32_BIT_CONVERSION = YES;
				GCC_WARN_ABOUT_RETURN_TYPE = YES_ERROR;
				GCC_WARN_UNDECLARED_SELECTOR = YES;
				GCC_WARN_UNINITIALIZED_AUTOS = YES_AGGRESSIVE;
				GCC_WARN_UNUSED_FUNCTION = YES;
				GCC_WARN_UNUSED_VARIABLE = YES;
				IPHONEOS_DEPLOYMENT_TARGET = 16.2;
				MTL_ENABLE_DEBUG_INFO = NO;
				MTL_FAST_MATH = YES;
				SDKROOT = iphoneos;
				SWIFT_COMPILATION_MODE = wholemodule;
				SWIFT_OPTIMIZATION_LEVEL = "-O";
				VALIDATE_PRODUCT = YES;
			};
			name = Release;
		};
		2956B6652A83D64800FB0667 /* Debug */ = {
			isa = XCBuildConfiguration;
			buildSettings = {
				ASSETCATALOG_COMPILER_APPICON_NAME = AppIcon;
				ASSETCATALOG_COMPILER_GLOBAL_ACCENT_COLOR_NAME = AccentColor;
				CODE_SIGN_STYLE = Automatic;
				CURRENT_PROJECT_VERSION = 1;
				DEVELOPMENT_ASSET_PATHS = "\"OrderBook/Preview Content\"";
				ENABLE_PREVIEWS = YES;
				GENERATE_INFOPLIST_FILE = YES;
				INFOPLIST_KEY_UIApplicationSceneManifest_Generation = YES;
				INFOPLIST_KEY_UIApplicationSupportsIndirectInputEvents = YES;
				INFOPLIST_KEY_UILaunchScreen_Generation = YES;
				INFOPLIST_KEY_UISupportedInterfaceOrientations_iPad = "UIInterfaceOrientationPortrait UIInterfaceOrientationPortraitUpsideDown UIInterfaceOrientationLandscapeLeft UIInterfaceOrientationLandscapeRight";
				INFOPLIST_KEY_UISupportedInterfaceOrientations_iPhone = "UIInterfaceOrientationPortrait UIInterfaceOrientationLandscapeLeft UIInterfaceOrientationLandscapeRight";
				LD_RUNPATH_SEARCH_PATHS = (
					"$(inherited)",
					"@executable_path/Frameworks",
				);
				MARKETING_VERSION = 1.0;
				PRODUCT_BUNDLE_IDENTIFIER = com.sample.OrderBook;
				PRODUCT_NAME = "$(TARGET_NAME)";
				SWIFT_EMIT_LOC_STRINGS = YES;
				SWIFT_VERSION = 5.0;
				TARGETED_DEVICE_FAMILY = "1,2";
			};
			name = Debug;
		};
		2956B6662A83D64800FB0667 /* Release */ = {
			isa = XCBuildConfiguration;
			buildSettings = {
				ASSETCATALOG_COMPILER_APPICON_NAME = AppIcon;
				ASSETCATALOG_COMPILER_GLOBAL_ACCENT_COLOR_NAME = AccentColor;
				CODE_SIGN_STYLE = Automatic;
				CURRENT_PROJECT_VERSION = 1;
				DEVELOPMENT_ASSET_PATHS = "\"OrderBook/Preview Content\"";
				ENABLE_PREVIEWS = YES;
				GENERATE_INFOPLIST_FILE = YES;
				INFOPLIST_KEY_UIApplicationSceneManifest_Generation = YES;
				INFOPLIST_KEY_UIApplicationSupportsIndirectInputEvents = YES;
				INFOPLIST_KEY_UILaunchScreen_Generation = YES;
				INFOPLIST_KEY_UISupportedInterfaceOrientations_iPad = "UIInterfaceOrientationPortrait UIInterfaceOrientationPortraitUpsideDown UIInterfaceOrientationLandscapeLeft UIInterfaceOrientationLandscapeRight";
				INFOPLIST_KEY_UISupportedInterfaceOrientations_iPhone = "UIInterfaceOrientationPortrait UIInterfaceOrientationLandscapeLeft UIInterfaceOrientationLandscapeRight";
				LD_RUNPATH_SEARCH_PATHS = (
					"$(inherited)",
					"@executable_path/Frameworks",
				);
				MARKETING_VERSION = 1.0;
				PRODUCT_BUNDLE_IDENTIFIER = com.sample.OrderBook;
				PRODUCT_NAME = "$(TARGET_NAME)";
				SWIFT_EMIT_LOC_STRINGS = YES;
				SWIFT_VERSION = 5.0;
				TARGETED_DEVICE_FAMILY = "1,2";
			};
			name = Release;
		};
		2956B6682A83D64800FB0667 /* Debug */ = {
			isa = XCBuildConfiguration;
			buildSettings = {
				ALWAYS_EMBED_SWIFT_STANDARD_LIBRARIES = YES;
				BUNDLE_LOADER = "$(TEST_HOST)";
				CODE_SIGN_STYLE = Automatic;
				CURRENT_PROJECT_VERSION = 1;
				GENERATE_INFOPLIST_FILE = YES;
				IPHONEOS_DEPLOYMENT_TARGET = 16.2;
				MARKETING_VERSION = 1.0;
				PRODUCT_BUNDLE_IDENTIFIER = com.sample.OrderBookTests;
				PRODUCT_NAME = "$(TARGET_NAME)";
				SWIFT_EMIT_LOC_STRINGS = NO;
				SWIFT_VERSION = 5.0;
				TARGETED_DEVICE_FAMILY = "1,2";
				TEST_HOST = "$(BUILT_PRODUCTS_DIR)/OrderBook.app/$(BUNDLE_EXECUTABLE_FOLDER_PATH)/OrderBook";
			};
			name = Debug;
		};
		2956B6692A83D64800FB0667 /* Release */ = {
			isa = XCBuildConfiguration;
			buildSettings = {
				ALWAYS_EMBED_SWIFT_STANDARD_LIBRARIES = YES;
				BUNDLE_LOADER = "$(TEST_HOST)";
				CODE_SIGN_STYLE = Automatic;
				CURRENT_PROJECT_VERSION = 1;
				GENERATE_INFOPLIST_FILE = YES;
				IPHONEOS_DEPLOYMENT_TARGET = 16.2;
				MARKETING_VERSION = 1.0;
				PRODUCT_BUNDLE_IDENTIFIER = com.sample.OrderBookTests;
				PRODUCT_NAME = "$(TARGET_NAME)";
				SWIFT_EMIT_LOC_STRINGS = NO;
				SWIFT_VERSION = 5.0;
				TARGETED_DEVICE_FAMILY = "1,2";
				TEST_HOST = "$(BUILT_PRODUCTS_DIR)/OrderBook.app/$(BUNDLE_EXECUTABLE_FOLDER_PATH)/OrderBook";
			};
			name = Release;
		};
		2956B66B2A83D64800FB0667 /* Debug */ = {
			isa = XCBuildConfiguration;
			buildSettings = {
				ALWAYS_EMBED_SWIFT_STANDARD_LIBRARIES = YES;
				CODE_SIGN_STYLE = Automatic;
				CURRENT_PROJECT_VERSION = 1;
				GENERATE_INFOPLIST_FILE = YES;
				MARKETING_VERSION = 1.0;
				PRODUCT_BUNDLE_IDENTIFIER = com.sample.OrderBookUITests;
				PRODUCT_NAME = "$(TARGET_NAME)";
				SWIFT_EMIT_LOC_STRINGS = NO;
				SWIFT_VERSION = 5.0;
				TARGETED_DEVICE_FAMILY = "1,2";
				TEST_TARGET_NAME = OrderBook;
			};
			name = Debug;
		};
		2956B66C2A83D64800FB0667 /* Release */ = {
			isa = XCBuildConfiguration;
			buildSettings = {
				ALWAYS_EMBED_SWIFT_STANDARD_LIBRARIES = YES;
				CODE_SIGN_STYLE = Automatic;
				CURRENT_PROJECT_VERSION = 1;
				GENERATE_INFOPLIST_FILE = YES;
				MARKETING_VERSION = 1.0;
				PRODUCT_BUNDLE_IDENTIFIER = com.sample.OrderBookUITests;
				PRODUCT_NAME = "$(TARGET_NAME)";
				SWIFT_EMIT_LOC_STRINGS = NO;
				SWIFT_VERSION = 5.0;
				TARGETED_DEVICE_FAMILY = "1,2";
				TEST_TARGET_NAME = OrderBook;
			};
			name = Release;
		};
/* End XCBuildConfiguration section */

/* Begin XCConfigurationList section */
		2956B6362A83D64700FB0667 /* Build configuration list for PBXProject "OrderBook" */ = {
			isa = XCConfigurationList;
			buildConfigurations = (
				2956B6622A83D64800FB0667 /* Debug */,
				2956B6632A83D64800FB0667 /* Release */,
			);
			defaultConfigurationIsVisible = 0;
			defaultConfigurationName = Release;
		};
		2956B6642A83D64800FB0667 /* Build configuration list for PBXNativeTarget "OrderBook" */ = {
			isa = XCConfigurationList;
			buildConfigurations = (
				2956B6652A83D64800FB0667 /* Debug */,
				2956B6662A83D64800FB0667 /* Release */,
			);
			defaultConfigurationIsVisible = 0;
			defaultConfigurationName = Release;
		};
		2956B6672A83D64800FB0667 /* Build configuration list for PBXNativeTarget "OrderBookTests" */ = {
			isa = XCConfigurationList;
			buildConfigurations = (
				2956B6682A83D64800FB0667 /* Debug */,
				2956B6692A83D64800FB0667 /* Release */,
			);
			defaultConfigurationIsVisible = 0;
			defaultConfigurationName = Release;
		};
		2956B66A2A83D64800FB0667 /* Build configuration list for PBXNativeTarget "OrderBookUITests" */ = {
			isa = XCConfigurationList;
			buildConfigurations = (
				2956B66B2A83D64800FB0667 /* Debug */,
				2956B66C2A83D64800FB0667 /* Release */,
			);
			defaultConfigurationIsVisible = 0;
			defaultConfigurationName = Release;
		};
/* End XCConfigurationList section */

/* Begin XCVersionGroup section */
		2956B6492A83D64800FB0667 /* OrderBook.xcdatamodeld */ = {
			isa = XCVersionGroup;
			children = (
				2956B64A2A83D64800FB0667 /* OrderBook.xcdatamodel */,
			);
			currentVersion = 2956B64A2A83D64800FB0667 /* OrderBook.xcdatamodel */;
			path = OrderBook.xcdatamodeld;
			sourceTree = "<group>";
			versionGroupType = wrapper.xcdatamodel;
		};
/* End XCVersionGroup section */
	};
	rootObject = 2956B6332A83D64700FB0667 /* Project object */;
}
